version: 6
environments:
  default:
    channels:
    - url: https://conda.anaconda.org/conda-forge/
    options:
      pypi-prerelease-mode: if-necessary-or-explicit
    packages:
      linux-64:
      - conda: https://conda.anaconda.org/conda-forge/linux-64/_openmp_mutex-4.5-20_gnu.conda
      - conda: https://conda.anaconda.org/conda-forge/noarch/babel-2.18.0-pyhcf101f3_1.conda
      - conda: https://conda.anaconda.org/conda-forge/linux-64/backports.zstd-1.3.0-py313h18e8e13_0.conda
      - conda: https://conda.anaconda.org/conda-forge/noarch/backrefs-6.2-pyhd8ed1ab_0.conda
      - conda: https://conda.anaconda.org/conda-forge/linux-64/brotli-python-1.2.0-py313hf159716_1.conda
      - conda: https://conda.anaconda.org/conda-forge/linux-64/bzip2-1.0.8-hda65f42_9.conda
      - conda: https://conda.anaconda.org/conda-forge/noarch/ca-certificates-2026.2.25-hbd8a1cb_0.conda
      - conda: https://conda.anaconda.org/conda-forge/linux-64/cairo-1.18.4-he90730b_1.conda
      - conda: https://conda.anaconda.org/conda-forge/noarch/certifi-2026.2.25-pyhd8ed1ab_0.conda
      - conda: https://conda.anaconda.org/conda-forge/noarch/charset-normalizer-3.4.7-pyhd8ed1ab_0.conda
      - conda: https://conda.anaconda.org/conda-forge/noarch/click-8.2.1-pyh707e725_0.conda
      - conda: https://conda.anaconda.org/conda-forge/noarch/colorama-0.4.6-pyhd8ed1ab_1.conda
      - conda: https://conda.anaconda.org/conda-forge/noarch/font-ttf-dejavu-sans-mono-2.37-hab24e00_0.tar.bz2
      - conda: https://conda.anaconda.org/conda-forge/noarch/font-ttf-inconsolata-3.000-h77eed37_0.tar.bz2
      - conda: https://conda.anaconda.org/conda-forge/noarch/font-ttf-source-code-pro-2.038-h77eed37_0.tar.bz2
      - conda: https://conda.anaconda.org/conda-forge/noarch/font-ttf-ubuntu-0.83-h77eed37_3.conda
      - conda: https://conda.anaconda.org/conda-forge/linux-64/fontconfig-2.17.1-h27c8c51_0.conda
      - conda: https://conda.anaconda.org/conda-forge/noarch/fonts-conda-ecosystem-1-0.tar.bz2
      - conda: https://conda.anaconda.org/conda-forge/noarch/fonts-conda-forge-1-hc364b38_1.conda
      - conda: https://conda.anaconda.org/conda-forge/linux-64/freetype-2.14.3-ha770c72_0.conda
      - conda: https://conda.anaconda.org/conda-forge/noarch/ghp-import-2.1.0-pyhd8ed1ab_2.conda
      - conda: https://conda.anaconda.org/conda-forge/noarch/gitdb-4.0.12-pyhd8ed1ab_0.conda
      - conda: https://conda.anaconda.org/conda-forge/noarch/gitpython-3.1.46-pyhd8ed1ab_0.conda
      - conda: https://conda.anaconda.org/conda-forge/linux-64/graphite2-1.3.14-hecca717_2.conda
      - conda: https://conda.anaconda.org/conda-forge/noarch/h2-4.3.0-pyhcf101f3_0.conda
      - conda: https://conda.anaconda.org/conda-forge/linux-64/harfbuzz-14.1.0-h6083320_0.conda
      - conda: https://conda.anaconda.org/conda-forge/noarch/hpack-4.1.0-pyhd8ed1ab_0.conda
      - conda: https://conda.anaconda.org/conda-forge/noarch/hyperframe-6.1.0-pyhd8ed1ab_0.conda
      - conda: https://conda.anaconda.org/conda-forge/linux-64/icu-78.3-h33c6efd_0.conda
      - conda: https://conda.anaconda.org/conda-forge/noarch/idna-3.11-pyhd8ed1ab_0.conda
      - conda: https://conda.anaconda.org/conda-forge/noarch/importlib-metadata-8.8.0-pyhcf101f3_0.conda
      - conda: https://conda.anaconda.org/conda-forge/noarch/importlib-resources-7.1.0-pyhd8ed1ab_0.conda
      - conda: https://conda.anaconda.org/conda-forge/noarch/importlib_resources-7.1.0-pyhd8ed1ab_0.conda
      - conda: https://conda.anaconda.org/conda-forge/noarch/jinja2-3.1.6-pyhcf101f3_1.conda
      - conda: https://conda.anaconda.org/conda-forge/linux-64/ld_impl_linux-64-2.45.1-default_hbd61a6d_102.conda
      - conda: https://conda.anaconda.org/conda-forge/linux-64/libexpat-2.7.5-hecca717_0.conda
      - conda: https://conda.anaconda.org/conda-forge/linux-64/libffi-3.5.2-h3435931_0.conda
      - conda: https://conda.anaconda.org/conda-forge/linux-64/libfreetype-2.14.3-ha770c72_0.conda
      - conda: https://conda.anaconda.org/conda-forge/linux-64/libfreetype6-2.14.3-h73754d4_0.conda
      - conda: https://conda.anaconda.org/conda-forge/linux-64/libgcc-15.2.0-he0feb66_18.conda
      - conda: https://conda.anaconda.org/conda-forge/linux-64/libglib-2.86.4-h6548e54_1.conda
      - conda: https://conda.anaconda.org/conda-forge/linux-64/libgomp-15.2.0-he0feb66_18.conda
      - conda: https://conda.anaconda.org/conda-forge/linux-64/libiconv-1.18-h3b78370_2.conda
      - conda: https://conda.anaconda.org/conda-forge/linux-64/liblzma-5.8.3-hb03c661_0.conda
      - conda: https://conda.anaconda.org/conda-forge/linux-64/libmpdec-4.0.0-hb03c661_1.conda
      - conda: https://conda.anaconda.org/conda-forge/linux-64/libpng-1.6.57-h421ea60_0.conda
      - conda: https://conda.anaconda.org/conda-forge/linux-64/libsqlite-3.53.0-hf4e2dac_0.conda
      - conda: https://conda.anaconda.org/conda-forge/linux-64/libstdcxx-15.2.0-h934c35e_18.conda
      - conda: https://conda.anaconda.org/conda-forge/linux-64/libuuid-2.42-h5347b49_0.conda
      - conda: https://conda.anaconda.org/conda-forge/linux-64/libxcb-1.17.0-h8a09558_0.conda
      - conda: https://conda.anaconda.org/conda-forge/linux-64/libzlib-1.3.2-h25fd6f3_2.conda
      - conda: https://conda.anaconda.org/conda-forge/noarch/markdown-3.10.2-pyhcf101f3_0.conda
      - conda: https://conda.anaconda.org/conda-forge/linux-64/markupsafe-3.0.3-py313h3dea7bd_1.conda
      - conda: https://conda.anaconda.org/conda-forge/noarch/mergedeep-1.3.4-pyhd8ed1ab_1.conda
      - conda: https://conda.anaconda.org/conda-forge/noarch/mike-2.1.3-pyh29332c3_0.conda
      - conda: https://conda.anaconda.org/conda-forge/noarch/mkdocs-1.6.1-pyhd8ed1ab_1.conda
      - conda: https://conda.anaconda.org/conda-forge/noarch/mkdocs-get-deps-0.2.2-pyhd8ed1ab_0.conda
      - conda: https://conda.anaconda.org/conda-forge/noarch/mkdocs-git-revision-date-localized-plugin-1.2.9-pyhd8ed1ab_0.conda
      - conda: https://conda.anaconda.org/conda-forge/noarch/mkdocs-material-9.7.6-pyhcf101f3_1.conda
      - conda: https://conda.anaconda.org/conda-forge/noarch/mkdocs-material-extensions-1.3.1-pyhd8ed1ab_1.conda
      - conda: https://conda.anaconda.org/conda-forge/linux-64/ncurses-6.5-h2d0b736_3.conda
      - conda: https://conda.anaconda.org/conda-forge/linux-64/openssl-3.6.2-h35e630c_0.conda
      - conda: https://conda.anaconda.org/conda-forge/noarch/packaging-26.0-pyhcf101f3_0.conda
      - conda: https://conda.anaconda.org/conda-forge/noarch/paginate-0.5.7-pyhd8ed1ab_1.conda
      - conda: https://conda.anaconda.org/conda-forge/linux-64/pandoc-3.9.0.2-ha770c72_0.conda
      - conda: https://conda.anaconda.org/conda-forge/noarch/pathspec-1.0.4-pyhd8ed1ab_0.conda
      - conda: https://conda.anaconda.org/conda-forge/linux-64/pcre2-10.47-haa7fec5_0.conda
      - conda: https://conda.anaconda.org/conda-forge/linux-64/pixman-0.46.4-h54a6638_1.conda
      - conda: https://conda.anaconda.org/conda-forge/noarch/platformdirs-4.9.6-pyhcf101f3_0.conda
      - conda: https://conda.anaconda.org/conda-forge/linux-64/pthread-stubs-0.4-hb9d3cd8_1002.conda
      - conda: https://conda.anaconda.org/conda-forge/noarch/pyaml-26.2.1-pyhcf101f3_1.conda
      - conda: https://conda.anaconda.org/conda-forge/noarch/pygments-2.20.0-pyhd8ed1ab_0.conda
      - conda: https://conda.anaconda.org/conda-forge/noarch/pymdown-extensions-10.21.2-pyhd8ed1ab_0.conda
      - conda: https://conda.anaconda.org/conda-forge/noarch/pyparsing-3.3.2-pyhcf101f3_0.conda
      - conda: https://conda.anaconda.org/conda-forge/noarch/pysocks-1.7.1-pyha55dd90_7.conda
      - conda: https://conda.anaconda.org/conda-forge/linux-64/python-3.13.13-h6add32d_100_cp313.conda
      - conda: https://conda.anaconda.org/conda-forge/noarch/python-dateutil-2.9.0.post0-pyhe01879c_2.conda
      - conda: https://conda.anaconda.org/conda-forge/noarch/python_abi-3.13-8_cp313.conda
      - conda: https://conda.anaconda.org/conda-forge/linux-64/pyyaml-6.0.3-py313h3dea7bd_1.conda
      - conda: https://conda.anaconda.org/conda-forge/noarch/pyyaml-env-tag-1.1-pyhd8ed1ab_0.conda
      - conda: https://conda.anaconda.org/conda-forge/linux-64/readline-8.3-h853b02a_0.conda
      - conda: https://conda.anaconda.org/conda-forge/noarch/requests-2.33.1-pyhcf101f3_0.conda
      - conda: https://conda.anaconda.org/conda-forge/noarch/six-1.17.0-pyhe01879c_1.conda
      - conda: https://conda.anaconda.org/conda-forge/noarch/smmap-5.0.3-pyhd8ed1ab_0.conda
      - conda: https://conda.anaconda.org/conda-forge/linux-64/tectonic-0.15.0-ha39f199_5.conda
      - conda: https://conda.anaconda.org/conda-forge/linux-64/tk-8.6.13-noxft_h366c992_103.conda
      - conda: https://conda.anaconda.org/conda-forge/noarch/typing_extensions-4.15.0-pyhcf101f3_0.conda
      - conda: https://conda.anaconda.org/conda-forge/noarch/tzdata-2025c-hc9c84f9_1.conda
      - conda: https://conda.anaconda.org/conda-forge/noarch/urllib3-2.6.3-pyhd8ed1ab_0.conda
      - conda: https://conda.anaconda.org/conda-forge/noarch/verspec-0.1.0-pyh29332c3_2.conda
      - conda: https://conda.anaconda.org/conda-forge/linux-64/watchdog-6.0.0-py313hd5f5364_3.conda
      - conda: https://conda.anaconda.org/conda-forge/linux-64/xorg-libice-1.1.2-hb9d3cd8_0.conda
      - conda: https://conda.anaconda.org/conda-forge/linux-64/xorg-libsm-1.2.6-he73a12e_0.conda
      - conda: https://conda.anaconda.org/conda-forge/linux-64/xorg-libx11-1.8.13-he1eb515_0.conda
      - conda: https://conda.anaconda.org/conda-forge/linux-64/xorg-libxau-1.0.12-hb03c661_1.conda
      - conda: https://conda.anaconda.org/conda-forge/linux-64/xorg-libxdmcp-1.1.5-hb03c661_1.conda
      - conda: https://conda.anaconda.org/conda-forge/linux-64/xorg-libxext-1.3.7-hb03c661_0.conda
      - conda: https://conda.anaconda.org/conda-forge/linux-64/xorg-libxrender-0.9.12-hb9d3cd8_0.conda
      - conda: https://conda.anaconda.org/conda-forge/linux-64/yaml-0.2.5-h280c20c_3.conda
      - conda: https://conda.anaconda.org/conda-forge/noarch/zipp-3.23.0-pyhcf101f3_1.conda
      - conda: https://conda.anaconda.org/conda-forge/linux-64/zlib-1.3.2-h25fd6f3_2.conda
      - conda: https://conda.anaconda.org/conda-forge/linux-64/zstd-1.5.7-hb78ec9c_6.conda
packages:
- conda: https://conda.anaconda.org/conda-forge/linux-64/_openmp_mutex-4.5-20_gnu.conda
  build_number: 20
  sha256: 1dd3fffd892081df9726d7eb7e0dea6198962ba775bd88842135a4ddb4deb3c9
  md5: a9f577daf3de00bca7c3c76c0ecbd1de
  depends:
  - __glibc >=2.17,<3.0.a0
  - libgomp >=7.5.0
  constrains:
  - openmp_impl <0.0a0
  license: BSD-3-Clause
  license_family: BSD
  size: 28948
  timestamp: 1770939786096
- conda: https://conda.anaconda.org/conda-forge/noarch/babel-2.18.0-pyhcf101f3_1.conda
  sha256: a14a9ad02101aab25570543a59c5193043b73dc311a25650134ed9e6cb691770
  md5: f1976ce927373500cc19d3c0b2c85177
  depends:
  - python >=3.10
  - python
  constrains:
  - pytz >=2015.7
  license: BSD-3-Clause
  license_family: BSD
  size: 7684321
  timestamp: 1772555330347
- conda: https://conda.anaconda.org/conda-forge/linux-64/backports.zstd-1.3.0-py313h18e8e13_0.conda
  sha256: 9552afbec37c4d8d0e83a5c4c6b3c7f4b8785f935094ce3881e0a249045909ce
  md5: d9e90792551a527200637e23a915dd79
  depends:
  - python
  - libgcc >=14
  - __glibc >=2.17,<3.0.a0
  - python_abi 3.13.* *_cp313
  - zstd >=1.5.7,<1.6.0a0
  license: BSD-3-Clause AND MIT AND EPL-2.0
  size: 240943
  timestamp: 1767044981366
- conda: https://conda.anaconda.org/conda-forge/noarch/backrefs-6.2-pyhd8ed1ab_0.conda
  sha256: ea22e1ae38622c7872a41708a248ef0b1917ca3d91a0672995a0c8cbfc85c04e
  md5: d78c9304d873002ca50e65c33ed6ff0e
  depends:
  - python >=3.10
  license: MIT
  license_family: MIT
  size: 144933
  timestamp: 1771286293210
- conda: https://conda.anaconda.org/conda-forge/linux-64/brotli-python-1.2.0-py313hf159716_1.conda
  sha256: dadec2879492adede0a9af0191203f9b023f788c18efd45ecac676d424c458ae
  md5: 6c4d3597cf43f3439a51b2b13e29a4ba
  depends:
  - __glibc >=2.17,<3.0.a0
  - libgcc >=14
  - libstdcxx >=14
  - python >=3.13,<3.14.0a0
  - python_abi 3.13.* *_cp313
  constrains:
  - libbrotlicommon 1.2.0 hb03c661_1
  license: MIT
  license_family: MIT
  size: 367721
  timestamp: 1764017371123
- conda: https://conda.anaconda.org/conda-forge/linux-64/bzip2-1.0.8-hda65f42_9.conda
  sha256: 0b75d45f0bba3e95dc693336fa51f40ea28c980131fec438afb7ce6118ed05f6
  md5: d2ffd7602c02f2b316fd921d39876885
  depends:
  - __glibc >=2.17,<3.0.a0
  - libgcc >=14
  license: bzip2-1.0.6
  license_family: BSD
  size: 260182
  timestamp: 1771350215188
- conda: https://conda.anaconda.org/conda-forge/noarch/ca-certificates-2026.2.25-hbd8a1cb_0.conda
  sha256: 67cc7101b36421c5913a1687ef1b99f85b5d6868da3abbf6ec1a4181e79782fc
  md5: 4492fd26db29495f0ba23f146cd5638d
  depends:
  - __unix
  license: ISC
  size: 147413
  timestamp: 1772006283803
- conda: https://conda.anaconda.org/conda-forge/linux-64/cairo-1.18.4-he90730b_1.conda
  sha256: 06525fa0c4e4f56e771a3b986d0fdf0f0fc5a3270830ee47e127a5105bde1b9a
  md5: bb6c4808bfa69d6f7f6b07e5846ced37
  depends:
  - __glibc >=2.17,<3.0.a0
  - fontconfig >=2.15.0,<3.0a0
  - fonts-conda-ecosystem
  - icu >=78.1,<79.0a0
  - libexpat >=2.7.3,<3.0a0
  - libfreetype >=2.14.1
  - libfreetype6 >=2.14.1
  - libgcc >=14
  - libglib >=2.86.3,<3.0a0
  - libpng >=1.6.53,<1.7.0a0
  - libstdcxx >=14
  - libxcb >=1.17.0,<2.0a0
  - libzlib >=1.3.1,<2.0a0
  - pixman >=0.46.4,<1.0a0
  - xorg-libice >=1.1.2,<2.0a0
  - xorg-libsm >=1.2.6,<2.0a0
  - xorg-libx11 >=1.8.12,<2.0a0
  - xorg-libxext >=1.3.6,<2.0a0
  - xorg-libxrender >=0.9.12,<0.10.0a0
  license: LGPL-2.1-only or MPL-1.1
  size: 989514
  timestamp: 1766415934926
- conda: https://conda.anaconda.org/conda-forge/noarch/certifi-2026.2.25-pyhd8ed1ab_0.conda
  sha256: a6b118fd1ed6099dc4fc03f9c492b88882a780fadaef4ed4f93dc70757713656
  md5: 765c4d97e877cdbbb88ff33152b86125
  depends:
  - python >=3.10
  license: ISC
  size: 151445
  timestamp: 1772001170301
- conda: https://conda.anaconda.org/conda-forge/noarch/charset-normalizer-3.4.7-pyhd8ed1ab_0.conda
  sha256: 3f9483d62ce24ecd063f8a5a714448445dc8d9e201147c46699fc0033e824457
  md5: a9167b9571f3baa9d448faa2139d1089
  depends:
  - python >=3.10
  license: MIT
  license_family: MIT
  size: 58872
  timestamp: 1775127203018
- conda: https://conda.anaconda.org/conda-forge/noarch/click-8.2.1-pyh707e725_0.conda
  sha256: 8aee789c82d8fdd997840c952a586db63c6890b00e88c4fb6e80a38edd5f51c0
  md5: 94b550b8d3a614dbd326af798c7dfb40
  depends:
  - __unix
  - python >=3.10
  license: BSD-3-Clause
  license_family: BSD
  size: 87749
  timestamp: 1747811451319
- conda: https://conda.anaconda.org/conda-forge/noarch/colorama-0.4.6-pyhd8ed1ab_1.conda
  sha256: ab29d57dc70786c1269633ba3dff20288b81664d3ff8d21af995742e2bb03287
  md5: 962b9857ee8e7018c22f2776ffa0b2d7
  depends:
  - python >=3.9
  license: BSD-3-Clause
  license_family: BSD
  size: 27011
  timestamp: 1733218222191
- conda: https://conda.anaconda.org/conda-forge/noarch/font-ttf-dejavu-sans-mono-2.37-hab24e00_0.tar.bz2
  sha256: 58d7f40d2940dd0a8aa28651239adbf5613254df0f75789919c4e6762054403b
  md5: 0c96522c6bdaed4b1566d11387caaf45
  license: BSD-3-Clause
  license_family: BSD
  size: 397370
  timestamp: 1566932522327
- conda: https://conda.anaconda.org/conda-forge/noarch/font-ttf-inconsolata-3.000-h77eed37_0.tar.bz2
  sha256: c52a29fdac682c20d252facc50f01e7c2e7ceac52aa9817aaf0bb83f7559ec5c
  md5: 34893075a5c9e55cdafac56607368fc6
  license: OFL-1.1
  license_family: Other
  size: 96530
  timestamp: 1620479909603
- conda: https://conda.anaconda.org/conda-forge/noarch/font-ttf-source-code-pro-2.038-h77eed37_0.tar.bz2
  sha256: 00925c8c055a2275614b4d983e1df637245e19058d79fc7dd1a93b8d9fb4b139
  md5: 4d59c254e01d9cde7957100457e2d5fb
  license: OFL-1.1
  license_family: Other
  size: 700814
  timestamp: 1620479612257
- conda: https://conda.anaconda.org/conda-forge/noarch/font-ttf-ubuntu-0.83-h77eed37_3.conda
  sha256: 2821ec1dc454bd8b9a31d0ed22a7ce22422c0aef163c59f49dfdf915d0f0ca14
  md5: 49023d73832ef61042f6a237cb2687e7
  license: LicenseRef-Ubuntu-Font-Licence-Version-1.0
  license_family: Other
  size: 1620504
  timestamp: 1727511233259
- conda: https://conda.anaconda.org/conda-forge/linux-64/fontconfig-2.17.1-h27c8c51_0.conda
  sha256: aa4a44dba97151221100a637c7f4bde619567afade9c0265f8e1c8eed8d7bd8c
  md5: 867127763fbe935bab59815b6e0b7b5c
  depends:
  - __glibc >=2.17,<3.0.a0
  - libexpat >=2.7.4,<3.0a0
  - libfreetype >=2.14.1
  - libfreetype6 >=2.14.1
  - libgcc >=14
  - libuuid >=2.41.3,<3.0a0
  - libzlib >=1.3.1,<2.0a0
  license: MIT
  license_family: MIT
  size: 270705
  timestamp: 1771382710863
- conda: https://conda.anaconda.org/conda-forge/noarch/fonts-conda-ecosystem-1-0.tar.bz2
  sha256: a997f2f1921bb9c9d76e6fa2f6b408b7fa549edd349a77639c9fe7a23ea93e61
  md5: fee5683a3f04bd15cbd8318b096a27ab
  depends:
  - fonts-conda-forge
  license: BSD-3-Clause
  license_family: BSD
  size: 3667
  timestamp: 1566974674465
- conda: https://conda.anaconda.org/conda-forge/noarch/fonts-conda-forge-1-hc364b38_1.conda
  sha256: 54eea8469786bc2291cc40bca5f46438d3e062a399e8f53f013b6a9f50e98333
  md5: a7970cd949a077b7cb9696379d338681
  depends:
  - font-ttf-ubuntu
  - font-ttf-inconsolata
  - font-ttf-dejavu-sans-mono
  - font-ttf-source-code-pro
  license: BSD-3-Clause
  license_family: BSD
  size: 4059
  timestamp: 1762351264405
- conda: https://conda.anaconda.org/conda-forge/linux-64/freetype-2.14.3-ha770c72_0.conda
  sha256: c934c385889c7836f034039b43b05ccfa98f53c900db03d8411189892ced090b
  md5: 8462b5322567212beeb025f3519fb3e2
  depends:
  - libfreetype 2.14.3 ha770c72_0
  - libfreetype6 2.14.3 h73754d4_0
  license: GPL-2.0-only OR FTL
  size: 173839
  timestamp: 1774298173462
- conda: https://conda.anaconda.org/conda-forge/noarch/ghp-import-2.1.0-pyhd8ed1ab_2.conda
  sha256: 40fdf5a9d5cc7a3503cd0c33e1b90b1e6eab251aaaa74e6b965417d089809a15
  md5: 93f742fe078a7b34c29a182958d4d765
  depends:
  - python >=3.9
  - python-dateutil >=2.8.1
  license: Apache-2.0
  license_family: APACHE
  size: 16538
  timestamp: 1734344477841
- conda: https://conda.anaconda.org/conda-forge/noarch/gitdb-4.0.12-pyhd8ed1ab_0.conda
  sha256: dbbec21a369872c8ebe23cb9a3b9d63638479ee30face165aa0fccc96e93eec3
  md5: 7c14f3706e099f8fcd47af2d494616cc
  depends:
  - python >=3.9
  - smmap >=3.0.1,<6
  license: BSD-3-Clause
  license_family: BSD
  size: 53136
  timestamp: 1735887290843
- conda: https://conda.anaconda.org/conda-forge/noarch/gitpython-3.1.46-pyhd8ed1ab_0.conda
  sha256: 8043bcb4f59d17467c6c2f8259e7ded18775de5d62a8375a27718554d9440641
  md5: 74c0cfdd5359cd2a1f178a4c3d0bd3a5
  depends:
  - gitdb >=4.0.1,<5
  - python >=3.10
  - typing_extensions >=3.10.0.2
  license: BSD-3-Clause
  license_family: BSD
  size: 158433
  timestamp: 1767358832407
- conda: https://conda.anaconda.org/conda-forge/linux-64/graphite2-1.3.14-hecca717_2.conda
  sha256: 25ba37da5c39697a77fce2c9a15e48cf0a84f1464ad2aafbe53d8357a9f6cc8c
  md5: 2cd94587f3a401ae05e03a6caf09539d
  depends:
  - __glibc >=2.17,<3.0.a0
  - libgcc >=14
  - libstdcxx >=14
  license: LGPL-2.0-or-later
  license_family: LGPL
  size: 99596
  timestamp: 1755102025473
- conda: https://conda.anaconda.org/conda-forge/noarch/h2-4.3.0-pyhcf101f3_0.conda
  sha256: 84c64443368f84b600bfecc529a1194a3b14c3656ee2e832d15a20e0329b6da3
  md5: 164fc43f0b53b6e3a7bc7dce5e4f1dc9
  depends:
  - python >=3.10
  - hyperframe >=6.1,<7
  - hpack >=4.1,<5
  - python
  license: MIT
  license_family: MIT
  size: 95967
  timestamp: 1756364871835
- conda: https://conda.anaconda.org/conda-forge/linux-64/harfbuzz-14.1.0-h6083320_0.conda
  sha256: 22c4f6df7eb4684a4b60e62de84211e7d80a0df2d7cfdbbd093a73650e3f2d45
  md5: ca8a94b613db5d805c3d2498a7c30997
  depends:
  - __glibc >=2.17,<3.0.a0
  - cairo >=1.18.4,<2.0a0
  - graphite2 >=1.3.14,<2.0a0
  - icu >=78.3,<79.0a0
  - libexpat >=2.7.5,<3.0a0
  - libfreetype >=2.14.3
  - libfreetype6 >=2.14.3
  - libgcc >=14
  - libglib >=2.86.4,<3.0a0
  - libstdcxx >=14
  - libzlib >=1.3.2,<2.0a0
  license: MIT
  license_family: MIT
  size: 2338203
  timestamp: 1775569314754
- conda: https://conda.anaconda.org/conda-forge/noarch/hpack-4.1.0-pyhd8ed1ab_0.conda
  sha256: 6ad78a180576c706aabeb5b4c8ceb97c0cb25f1e112d76495bff23e3779948ba
  md5: 0a802cb9888dd14eeefc611f05c40b6e
  depends:
  - python >=3.9
  license: MIT
  license_family: MIT
  size: 30731
  timestamp: 1737618390337
- conda: https://conda.anaconda.org/conda-forge/noarch/hyperframe-6.1.0-pyhd8ed1ab_0.conda
  sha256: 77af6f5fe8b62ca07d09ac60127a30d9069fdc3c68d6b256754d0ffb1f7779f8
  md5: 8e6923fc12f1fe8f8c4e5c9f343256ac
  depends:
  - python >=3.9
  license: MIT
  license_family: MIT
  size: 17397
  timestamp: 1737618427549
- conda: https://conda.anaconda.org/conda-forge/linux-64/icu-78.3-h33c6efd_0.conda
  sha256: fbf86c4a59c2ed05bbffb2ba25c7ed94f6185ec30ecb691615d42342baa1a16a
  md5: c80d8a3b84358cb967fa81e7075fbc8a
  depends:
  - __glibc >=2.17,<3.0.a0
  - libgcc >=14
  - libstdcxx >=14
  license: MIT
  license_family: MIT
  size: 12723451
  timestamp: 1773822285671
- conda: https://conda.anaconda.org/conda-forge/noarch/idna-3.11-pyhd8ed1ab_0.conda
  sha256: ae89d0299ada2a3162c2614a9d26557a92aa6a77120ce142f8e0109bbf0342b0
  md5: 53abe63df7e10a6ba605dc5f9f961d36
  depends:
  - python >=3.10
  license: BSD-3-Clause
  license_family: BSD
  size: 50721
  timestamp: 1760286526795
- conda: https://conda.anaconda.org/conda-forge/noarch/importlib-metadata-8.8.0-pyhcf101f3_0.conda
  sha256: 82ab2a0d91ca1e7e63ab6a4939356667ef683905dea631bc2121aa534d347b16
  md5: 080594bf4493e6bae2607e65390c520a
  depends:
  - python >=3.10
  - zipp >=3.20
  - python
  license: Apache-2.0
  license_family: APACHE
  size: 34387
  timestamp: 1773931568510
- conda: https://conda.anaconda.org/conda-forge/noarch/importlib-resources-7.1.0-pyhd8ed1ab_0.conda
  sha256: 6a2f86ef0965605d742b5b94229bf8b829258d0a9f640e3651901cc72ef9a0a5
  md5: e3bffa82b874f8b9a2631bddb3869529
  depends:
  - importlib_resources >=7.1.0,<7.1.1.0a0
  - python >=3.10
  license: Apache-2.0
  size: 10354
  timestamp: 1776068852701
- conda: https://conda.anaconda.org/conda-forge/noarch/importlib_resources-7.1.0-pyhd8ed1ab_0.conda
  sha256: a563a51aa522998172838e867e6dedcf630bc45796e8612f5a1f6d73e9c8125a
  md5: 0ba6225c279baf7ea9473a62ea0ec9ae
  depends:
  - python >=3.10
  - zipp >=3.1.0
  constrains:
  - importlib-resources >=7.1.0,<7.1.1.0a0
  license: Apache-2.0
  size: 34809
  timestamp: 1776068839274
- conda: https://conda.anaconda.org/conda-forge/noarch/jinja2-3.1.6-pyhcf101f3_1.conda
  sha256: fc9ca7348a4f25fed2079f2153ecdcf5f9cf2a0bc36c4172420ca09e1849df7b
  md5: 04558c96691bed63104678757beb4f8d
  depends:
  - markupsafe >=2.0
  - python >=3.10
  - python
  license: BSD-3-Clause
  license_family: BSD
  size: 120685
  timestamp: 1764517220861
- conda: https://conda.anaconda.org/conda-forge/linux-64/ld_impl_linux-64-2.45.1-default_hbd61a6d_102.conda
  sha256: 3d584956604909ff5df353767f3a2a2f60e07d070b328d109f30ac40cd62df6c
  md5: 18335a698559cdbcd86150a48bf54ba6
  depends:
  - __glibc >=2.17,<3.0.a0
  - zstd >=1.5.7,<1.6.0a0
  constrains:
  - binutils_impl_linux-64 2.45.1
  license: GPL-3.0-only
  license_family: GPL
  size: 728002
  timestamp: 1774197446916
- conda: https://conda.anaconda.org/conda-forge/linux-64/libexpat-2.7.5-hecca717_0.conda
  sha256: e8c2b57f6aacabdf2f1b0924bd4831ce5071ba080baa4a9e8c0d720588b6794c
  md5: 49f570f3bc4c874a06ea69b7225753af
  depends:
  - __glibc >=2.17,<3.0.a0
  - libgcc >=14
  constrains:
  - expat 2.7.5.*
  license: MIT
  license_family: MIT
  size: 76624
  timestamp: 1774719175983
- conda: https://conda.anaconda.org/conda-forge/linux-64/libffi-3.5.2-h3435931_0.conda
  sha256: 31f19b6a88ce40ebc0d5a992c131f57d919f73c0b92cd1617a5bec83f6e961e6
  md5: a360c33a5abe61c07959e449fa1453eb
  depends:
  - __glibc >=2.17,<3.0.a0
  - libgcc >=14
  license: MIT
  license_family: MIT
  size: 58592
  timestamp: 1769456073053
- conda: https://conda.anaconda.org/conda-forge/linux-64/libfreetype-2.14.3-ha770c72_0.conda
  sha256: 38f014a7129e644636e46064ecd6b1945e729c2140e21d75bb476af39e692db2
  md5: e289f3d17880e44b633ba911d57a321b
  depends:
  - libfreetype6 >=2.14.3
  license: GPL-2.0-only OR FTL
  size: 8049
  timestamp: 1774298163029
- conda: https://conda.anaconda.org/conda-forge/linux-64/libfreetype6-2.14.3-h73754d4_0.conda
  sha256: 16f020f96da79db1863fcdd8f2b8f4f7d52f177dd4c58601e38e9182e91adf1d
  md5: fb16b4b69e3f1dcfe79d80db8fd0c55d
  depends:
  - __glibc >=2.17,<3.0.a0
  - libgcc >=14
  - libpng >=1.6.55,<1.7.0a0
  - libzlib >=1.3.2,<2.0a0
  constrains:
  - freetype >=2.14.3
  license: GPL-2.0-only OR FTL
  size: 384575
  timestamp: 1774298162622
- conda: https://conda.anaconda.org/conda-forge/linux-64/libgcc-15.2.0-he0feb66_18.conda
  sha256: faf7d2017b4d718951e3a59d081eb09759152f93038479b768e3d612688f83f5
  md5: 0aa00f03f9e39fb9876085dee11a85d4
  depends:
  - __glibc >=2.17,<3.0.a0
  - _openmp_mutex >=4.5
  constrains:
  - libgcc-ng ==15.2.0=*_18
  - libgomp 15.2.0 he0feb66_18
  license: GPL-3.0-only WITH GCC-exception-3.1
  license_family: GPL
  size: 1041788
  timestamp: 1771378212382
- conda: https://conda.anaconda.org/conda-forge/linux-64/libglib-2.86.4-h6548e54_1.conda
  sha256: a27e44168a1240b15659888ce0d9b938ed4bdb49e9ea68a7c1ff27bcea8b55ce
  md5: bb26456332b07f68bf3b7622ed71c0da
  depends:
  - __glibc >=2.17,<3.0.a0
  - libffi >=3.5.2,<3.6.0a0
  - libgcc >=14
  - libiconv >=1.18,<2.0a0
  - libzlib >=1.3.1,<2.0a0
  - pcre2 >=10.47,<10.48.0a0
  constrains:
  - glib 2.86.4 *_1
  license: LGPL-2.1-or-later
  size: 4398701
  timestamp: 1771863239578
- conda: https://conda.anaconda.org/conda-forge/linux-64/libgomp-15.2.0-he0feb66_18.conda
  sha256: 21337ab58e5e0649d869ab168d4e609b033509de22521de1bfed0c031bfc5110
  md5: 239c5e9546c38a1e884d69effcf4c882
  depends:
  - __glibc >=2.17,<3.0.a0
  license: GPL-3.0-only WITH GCC-exception-3.1
  license_family: GPL
  size: 603262
  timestamp: 1771378117851
- conda: https://conda.anaconda.org/conda-forge/linux-64/libiconv-1.18-h3b78370_2.conda
  sha256: c467851a7312765447155e071752d7bf9bf44d610a5687e32706f480aad2833f
  md5: 915f5995e94f60e9a4826e0b0920ee88
  depends:
  - __glibc >=2.17,<3.0.a0
  - libgcc >=14
  license: LGPL-2.1-only
  size: 790176
  timestamp: 1754908768807
- conda: https://conda.anaconda.org/conda-forge/linux-64/liblzma-5.8.3-hb03c661_0.conda
  sha256: ec30e52a3c1bf7d0425380a189d209a52baa03f22fb66dd3eb587acaa765bd6d
  md5: b88d90cad08e6bc8ad540cb310a761fb
  depends:
  - __glibc >=2.17,<3.0.a0
  - libgcc >=14
  constrains:
  - xz 5.8.3.*
  license: 0BSD
  size: 113478
  timestamp: 1775825492909
- conda: https://conda.anaconda.org/conda-forge/linux-64/libmpdec-4.0.0-hb03c661_1.conda
  sha256: fe171ed5cf5959993d43ff72de7596e8ac2853e9021dec0344e583734f1e0843
  md5: 2c21e66f50753a083cbe6b80f38268fa
  depends:
  - __glibc >=2.17,<3.0.a0
  - libgcc >=14
  license: BSD-2-Clause
  license_family: BSD
  size: 92400
  timestamp: 1769482286018
- conda: https://conda.anaconda.org/conda-forge/linux-64/libpng-1.6.57-h421ea60_0.conda
  sha256: 06323fb0a831440f0b72a53013182e1d4bb219e3ea958bb37af98b25dc0cf518
  md5: 06f225e6d8c549ad6c0201679828a882
  depends:
  - __glibc >=2.17,<3.0.a0
  - libgcc >=14
  - libzlib >=1.3.2,<2.0a0
  license: zlib-acknowledgement
  size: 317779
  timestamp: 1775692841709
- conda: https://conda.anaconda.org/conda-forge/linux-64/libsqlite-3.53.0-hf4e2dac_0.conda
  sha256: ec37c79f737933bbac965f5dc0f08ef2790247129a84bb3114fad4900adce401
  md5: 810d83373448da85c3f673fbcb7ad3a3
  depends:
  - __glibc >=2.17,<3.0.a0
  - icu >=78.3,<79.0a0
  - libgcc >=14
  - libzlib >=1.3.2,<2.0a0
  license: blessing
  size: 958864
  timestamp: 1775753750179
- conda: https://conda.anaconda.org/conda-forge/linux-64/libstdcxx-15.2.0-h934c35e_18.conda
  sha256: 78668020064fdaa27e9ab65cd2997e2c837b564ab26ce3bf0e58a2ce1a525c6e
  md5: 1b08cd684f34175e4514474793d44bcb
  depends:
  - __glibc >=2.17,<3.0.a0
  - libgcc 15.2.0 he0feb66_18
  constrains:
  - libstdcxx-ng ==15.2.0=*_18
  license: GPL-3.0-only WITH GCC-exception-3.1
  license_family: GPL
  size: 5852330
  timestamp: 1771378262446
- conda: https://conda.anaconda.org/conda-forge/linux-64/libuuid-2.42-h5347b49_0.conda
  sha256: bc1b08c92626c91500fd9f26f2c797f3eb153b627d53e9c13cd167f1e12b2829
  md5: 38ffe67b78c9d4de527be8315e5ada2c
  depends:
  - __glibc >=2.17,<3.0.a0
  - libgcc >=14
  license: BSD-3-Clause
  license_family: BSD
  size: 40297
  timestamp: 1775052476770
- conda: https://conda.anaconda.org/conda-forge/linux-64/libxcb-1.17.0-h8a09558_0.conda
  sha256: 666c0c431b23c6cec6e492840b176dde533d48b7e6fb8883f5071223433776aa
  md5: 92ed62436b625154323d40d5f2f11dd7
  depends:
  - __glibc >=2.17,<3.0.a0
  - libgcc >=13
  - pthread-stubs
  - xorg-libxau >=1.0.11,<2.0a0
  - xorg-libxdmcp
  license: MIT
  license_family: MIT
  size: 395888
  timestamp: 1727278577118
- conda: https://conda.anaconda.org/conda-forge/linux-64/libzlib-1.3.2-h25fd6f3_2.conda
  sha256: 55044c403570f0dc26e6364de4dc5368e5f3fc7ff103e867c487e2b5ab2bcda9
  md5: d87ff7921124eccd67248aa483c23fec
  depends:
  - __glibc >=2.17,<3.0.a0
  constrains:
  - zlib 1.3.2 *_2
  license: Zlib
  license_family: Other
  size: 63629
  timestamp: 1774072609062
- conda: https://conda.anaconda.org/conda-forge/noarch/markdown-3.10.2-pyhcf101f3_0.conda
  sha256: 20e0892592a3e7c683e3d66df704a9425d731486a97c34fc56af4da1106b2b6b
  md5: ba0a9221ce1063f31692c07370d062f3
  depends:
  - importlib-metadata >=4.4
  - python >=3.10
  - python
  license: BSD-3-Clause
  license_family: BSD
  size: 85893
  timestamp: 1770694658918
- conda: https://conda.anaconda.org/conda-forge/linux-64/markupsafe-3.0.3-py313h3dea7bd_1.conda
  sha256: 72ed7c0216541d65a17b171bf2eec4a3b81e9158d8ed48e59e1ecd3ae302d263
  md5: aeb9b9da79fd0258b3db091d1fefcd71
  depends:
  - __glibc >=2.17,<3.0.a0
  - libgcc >=14
  - python >=3.13,<3.14.0a0
  - python_abi 3.13.* *_cp313
  constrains:
  - jinja2 >=3.0.0
  license: BSD-3-Clause
  license_family: BSD
  size: 26100
  timestamp: 1772445154165
- conda: https://conda.anaconda.org/conda-forge/noarch/mergedeep-1.3.4-pyhd8ed1ab_1.conda
  sha256: e5b555fd638334a253d83df14e3c913ef8ce10100090e17fd6fb8e752d36f95d
  md5: d9a8fc1f01deae61735c88ec242e855c
  depends:
  - python >=3.9
  license: MIT
  license_family: MIT
  size: 11676
  timestamp: 1734157119152
- conda: https://conda.anaconda.org/conda-forge/noarch/mike-2.1.3-pyh29332c3_0.conda
  sha256: 0f9ce5712d30f447524fb5a8d8a33337f6544a6cacad295935ea1f51a8d59e4e
  md5: 13c7fd10f5bb25cf02cd7798ea02ee37
  depends:
  - python >=3.9
  - jinja2 >=2.7
  - mkdocs >=1.0
  - pyparsing >=3.0
  - pyaml >=5.1
  - verspec
  - pyyaml-env-tag
  - importlib-resources
  - importlib-metadata
  - python
  license: BSD-3-Clause
  license_family: BSD
  size: 32866
  timestamp: 1736381474362
- conda: https://conda.anaconda.org/conda-forge/noarch/mkdocs-1.6.1-pyhd8ed1ab_1.conda
  sha256: 902d2e251f9a7ffa7d86a3e62be5b2395e28614bd4dbe5f50acf921fd64a8c35
  md5: 14661160be39d78f2b210f2cc2766059
  depends:
  - click >=7.0,<8.3.0a0
  - colorama >=0.4
  - ghp-import >=1.0
  - importlib-metadata >=4.4
  - jinja2 >=2.11.1
  - markdown >=3.3.6
  - markupsafe >=2.0.1
  - mergedeep >=1.3.4
  - mkdocs-get-deps >=0.2.0
  - packaging >=20.5
  - pathspec >=0.11.1
  - python >=3.9
  - pyyaml >=5.1
  - pyyaml-env-tag >=0.1
  - watchdog >=2.0
  constrains:
  - babel >=2.9.0
  license: BSD-2-Clause
  license_family: BSD
  size: 3524754
  timestamp: 1734344673481
- conda: https://conda.anaconda.org/conda-forge/noarch/mkdocs-get-deps-0.2.2-pyhd8ed1ab_0.conda
  sha256: fad4463b52def6214f64dfb918ad77ec4feb4c5d1072838dcf693dab860fde52
  md5: 4e396e96b60a1f616da1f0e5fceae543
  depends:
  - importlib-metadata >=4.3
  - mergedeep >=1.3.4
  - platformdirs >=2.2.0
  - python >=3.10
  - pyyaml >=5.1
  license: MIT
  license_family: MIT
  size: 15572
  timestamp: 1773570672864
- conda: https://conda.anaconda.org/conda-forge/noarch/mkdocs-git-revision-date-localized-plugin-1.2.9-pyhd8ed1ab_0.conda
  sha256: a82d131b27c4cd9e2be71326b3c6a65bbadee23dcef80f8319831c852604ff94
  md5: a331f7234c4e8f6136d12fe82f1ee7cd
  depends:
  - babel >=2.7.0
  - gitpython
  - mkdocs >=1.0
  - python >=3.6
  license: MIT
  license_family: MIT
  size: 25456
  timestamp: 1726153706839
- conda: https://conda.anaconda.org/conda-forge/noarch/mkdocs-material-9.7.6-pyhcf101f3_1.conda
  sha256: 75cc95f2f9d29bc1373fd5c34b334b6b7a6bd9c745ca03105361b21b43f12b32
  md5: 13add6b0be6d719b4e2d1821ad10fcce
  depends:
  - python >=3.10
  - jinja2 >=3.1
  - markdown >=3.2
  - mkdocs >=1.6,<2
  - mkdocs-material-extensions >=1.3
  - pygments >=2.16
  - pymdown-extensions >=10.2
  - babel >=2.10
  - colorama >=0.4
  - paginate >=0.5
  - backrefs >=5.7.post1
  - requests >=2.30
  - python
  license: MIT
  license_family: MIT
  size: 4800629
  timestamp: 1774620149583
- conda: https://conda.anaconda.org/conda-forge/noarch/mkdocs-material-extensions-1.3.1-pyhd8ed1ab_1.conda
  sha256: f62955d40926770ab65cc54f7db5fde6c073a3ba36a0787a7a5767017da50aa3
  md5: de8af4000a4872e16fb784c649679c8e
  depends:
  - python >=3.9
  constrains:
  - mkdocs-material >=5.0.0
  license: MIT
  license_family: MIT
  size: 16122
  timestamp: 1734641109286
- conda: https://conda.anaconda.org/conda-forge/linux-64/ncurses-6.5-h2d0b736_3.conda
  sha256: 3fde293232fa3fca98635e1167de6b7c7fda83caf24b9d6c91ec9eefb4f4d586
  md5: 47e340acb35de30501a76c7c799c41d7
  depends:
  - __glibc >=2.17,<3.0.a0
  - libgcc >=13
  license: X11 AND BSD-3-Clause
  size: 891641
  timestamp: 1738195959188
- conda: https://conda.anaconda.org/conda-forge/linux-64/openssl-3.6.2-h35e630c_0.conda
  sha256: c0ef482280e38c71a08ad6d71448194b719630345b0c9c60744a2010e8a8e0cb
  md5: da1b85b6a87e141f5140bb9924cecab0
  depends:
  - __glibc >=2.17,<3.0.a0
  - ca-certificates
  - libgcc >=14
  license: Apache-2.0
  license_family: Apache
  size: 3167099
  timestamp: 1775587756857
- conda: https://conda.anaconda.org/conda-forge/noarch/packaging-26.0-pyhcf101f3_0.conda
  sha256: c1fc0f953048f743385d31c468b4a678b3ad20caffdeaa94bed85ba63049fd58
  md5: b76541e68fea4d511b1ac46a28dcd2c6
  depends:
  - python >=3.8
  - python
  license: Apache-2.0
  license_family: APACHE
  size: 72010
  timestamp: 1769093650580
- conda: https://conda.anaconda.org/conda-forge/noarch/paginate-0.5.7-pyhd8ed1ab_1.conda
  sha256: f6fef1b43b0d3d92476e1870c08d7b9c229aebab9a0556b073a5e1641cf453bd
  md5: c3f35453097faf911fd3f6023fc2ab24
  depends:
  - python >=3.9
  license: MIT
  license_family: MIT
  size: 18865
  timestamp: 1734618649164
- conda: https://conda.anaconda.org/conda-forge/linux-64/pandoc-3.9.0.2-ha770c72_0.conda
  sha256: d46f76ed09396e3bd1dc11030b3d0d222c25ba8d92f3cde08bc6fbd1eec4f9e0
  md5: de8ccf9ffba55bd20ee56301cfc7e6db
  license: GPL-2.0-or-later
  license_family: GPL
  size: 22364689
  timestamp: 1773933354952
- conda: https://conda.anaconda.org/conda-forge/noarch/pathspec-1.0.4-pyhd8ed1ab_0.conda
  sha256: 29ea20d0faf20374fcd61c25f6d32fb8e9a2c786a7f1473a0c3ead359470fbe1
  md5: 2908273ac396d2cd210a8127f5f1c0d6
  depends:
  - python >=3.10
  license: MPL-2.0
  license_family: MOZILLA
  size: 53739
  timestamp: 1769677743677
- conda: https://conda.anaconda.org/conda-forge/linux-64/pcre2-10.47-haa7fec5_0.conda
  sha256: 5e6f7d161356fefd981948bea5139c5aa0436767751a6930cb1ca801ebb113ff
  md5: 7a3bff861a6583f1889021facefc08b1
  depends:
  - __glibc >=2.17,<3.0.a0
  - bzip2 >=1.0.8,<2.0a0
  - libgcc >=14
  - libzlib >=1.3.1,<2.0a0
  license: BSD-3-Clause
  license_family: BSD
  size: 1222481
  timestamp: 1763655398280
- conda: https://conda.anaconda.org/conda-forge/linux-64/pixman-0.46.4-h54a6638_1.conda
  sha256: 43d37bc9ca3b257c5dd7bf76a8426addbdec381f6786ff441dc90b1a49143b6a
  md5: c01af13bdc553d1a8fbfff6e8db075f0
  depends:
  - libgcc >=14
  - libstdcxx >=14
  - libgcc >=14
  - __glibc >=2.17,<3.0.a0
  license: MIT
  license_family: MIT
  size: 450960
  timestamp: 1754665235234
- conda: https://conda.anaconda.org/conda-forge/noarch/platformdirs-4.9.6-pyhcf101f3_0.conda
  sha256: 8f29915c172f1f7f4f7c9391cd5dac3ebf5d13745c8b7c8006032615246345a5
  md5: 89c0b6d1793601a2a3a3f7d2d3d8b937
  depends:
  - python >=3.10
  - python
  license: MIT
  license_family: MIT
  size: 25862
  timestamp: 1775741140609
- conda: https://conda.anaconda.org/conda-forge/linux-64/pthread-stubs-0.4-hb9d3cd8_1002.conda
  sha256: 9c88f8c64590e9567c6c80823f0328e58d3b1efb0e1c539c0315ceca764e0973
  md5: b3c17d95b5a10c6e64a21fa17573e70e
  depends:
  - __glibc >=2.17,<3.0.a0
  - libgcc >=13
  license: MIT
  license_family: MIT
  size: 8252
  timestamp: 1726802366959
- conda: https://conda.anaconda.org/conda-forge/noarch/pyaml-26.2.1-pyhcf101f3_1.conda
  sha256: df776946b5ba6b274abee8882451ba28e4c20dadab377373a93206751cf605b2
  md5: c884653e29de632aa9b5d731e4fad01c
  depends:
  - python >=3.10
  - pyyaml
  - python
  license: WTFPL
  size: 31646
  timestamp: 1770906370091
- conda: https://conda.anaconda.org/conda-forge/noarch/pygments-2.20.0-pyhd8ed1ab_0.conda
  sha256: cf70b2f5ad9ae472b71235e5c8a736c9316df3705746de419b59d442e8348e86
  md5: 16c18772b340887160c79a6acc022db0
  depends:
  - python >=3.10
  license: BSD-2-Clause
  license_family: BSD
  size: 893031
  timestamp: 1774796815820
- conda: https://conda.anaconda.org/conda-forge/noarch/pymdown-extensions-10.21.2-pyhd8ed1ab_0.conda
  sha256: f0513cb5a1ad722025771e7c5a45fa163dfab965d608a82d058cde47abb02d48
  md5: 8e693ba2664eaa3306d7084642e2e4a2
  depends:
  - markdown >=3.6
  - python >=3.10
  - pyyaml
  license: MIT
  license_family: MIT
  size: 173156
  timestamp: 1774803071462
- conda: https://conda.anaconda.org/conda-forge/noarch/pyparsing-3.3.2-pyhcf101f3_0.conda
  sha256: 417fba4783e528ee732afa82999300859b065dc59927344b4859c64aae7182de
  md5: 3687cc0b82a8b4c17e1f0eb7e47163d5
  depends:
  - python >=3.10
  - python
  license: MIT
  license_family: MIT
  size: 110893
  timestamp: 1769003998136
- conda: https://conda.anaconda.org/conda-forge/noarch/pysocks-1.7.1-pyha55dd90_7.conda
  sha256: ba3b032fa52709ce0d9fd388f63d330a026754587a2f461117cac9ab73d8d0d8
  md5: 461219d1a5bd61342293efa2c0c90eac
  depends:
  - __unix
  - python >=3.9
  license: BSD-3-Clause
  license_family: BSD
  size: 21085
  timestamp: 1733217331982
- conda: https://conda.anaconda.org/conda-forge/linux-64/python-3.13.13-h6add32d_100_cp313.conda
  build_number: 100
  sha256: 7f77eb57648f545c1f58e10035d0d9d66b0a0efb7c4b58d3ed89ec7269afdde1
  md5: 05051be49267378d2fcd12931e319ac3
  depends:
  - __glibc >=2.17,<3.0.a0
  - bzip2 >=1.0.8,<2.0a0
  - ld_impl_linux-64 >=2.36.1
  - libexpat >=2.7.5,<3.0a0
  - libffi >=3.5.2,<3.6.0a0
  - libgcc >=14
  - liblzma >=5.8.2,<6.0a0
  - libmpdec >=4.0.0,<5.0a0
  - libsqlite >=3.52.0,<4.0a0
  - libuuid >=2.42,<3.0a0
  - libzlib >=1.3.2,<2.0a0
  - ncurses >=6.5,<7.0a0
  - openssl >=3.5.6,<4.0a0
  - python_abi 3.13.* *_cp313
  - readline >=8.3,<9.0a0
  - tk >=8.6.13,<8.7.0a0
  - tzdata
  license: Python-2.0
  size: 37358322
  timestamp: 1775614712638
  python_site_packages_path: lib/python3.13/site-packages
- conda: https://conda.anaconda.org/conda-forge/noarch/python-dateutil-2.9.0.post0-pyhe01879c_2.conda
  sha256: d6a17ece93bbd5139e02d2bd7dbfa80bee1a4261dced63f65f679121686bf664
  md5: 5b8d21249ff20967101ffa321cab24e8
  depends:
  - python >=3.9
  - six >=1.5
  - python
  license: Apache-2.0
  license_family: APACHE
  size: 233310
  timestamp: 1751104122689
- conda: https://conda.anaconda.org/conda-forge/noarch/python_abi-3.13-8_cp313.conda
  build_number: 8
  sha256: 210bffe7b121e651419cb196a2a63687b087497595c9be9d20ebe97dd06060a7
  md5: 94305520c52a4aa3f6c2b1ff6008d9f8
  constrains:
  - python 3.13.* *_cp313
  license: BSD-3-Clause
  license_family: BSD
  size: 7002
  timestamp: 1752805902938
- conda: https://conda.anaconda.org/conda-forge/linux-64/pyyaml-6.0.3-py313h3dea7bd_1.conda
  sha256: ef7df29b38ef04ec67a8888a4aa039973eaa377e8c4b59a7be0a1c50cd7e4ac6
  md5: f256753e840c3cd3766488c9437a8f8b
  depends:
  - __glibc >=2.17,<3.0.a0
  - libgcc >=14
  - python >=3.13,<3.14.0a0
  - python_abi 3.13.* *_cp313
  - yaml >=0.2.5,<0.3.0a0
  license: MIT
  license_family: MIT
  size: 201616
  timestamp: 1770223543730
- conda: https://conda.anaconda.org/conda-forge/noarch/pyyaml-env-tag-1.1-pyhd8ed1ab_0.conda
  sha256: 69ab63bd45587406ae911811fc4d4c1bf972d643fa57a009de7c01ac978c4edd
  md5: e8e53c4150a1bba3b160eacf9d53a51b
  depends:
  - python >=3.9
  - pyyaml
  license: MIT
  license_family: MIT
  size: 11137
  timestamp: 1747237061448
- conda: https://conda.anaconda.org/conda-forge/linux-64/readline-8.3-h853b02a_0.conda
  sha256: 12ffde5a6f958e285aa22c191ca01bbd3d6e710aa852e00618fa6ddc59149002
  md5: d7d95fc8287ea7bf33e0e7116d2b95ec
  depends:
  - __glibc >=2.17,<3.0.a0
  - libgcc >=14
  - ncurses >=6.5,<7.0a0
  license: GPL-3.0-only
  license_family: GPL
  size: 345073
  timestamp: 1765813471974
- conda: https://conda.anaconda.org/conda-forge/noarch/requests-2.33.1-pyhcf101f3_0.conda
  sha256: c0249bc4bf4c0e8e06d0e7b4d117a5d593cc4ab2144d5006d6d47c83cb0af18e
  md5: 10afbb4dbf06ff959ad25a92ccee6e59
  depends:
  - python >=3.10
  - certifi >=2023.5.7
  - charset-normalizer >=2,<4
  - idna >=2.5,<4
  - urllib3 >=1.26,<3
  - python
  constrains:
  - chardet >=3.0.2,<6
  license: Apache-2.0
  license_family: APACHE
  size: 63712
  timestamp: 1774894783063
- conda: https://conda.anaconda.org/conda-forge/noarch/six-1.17.0-pyhe01879c_1.conda
  sha256: 458227f759d5e3fcec5d9b7acce54e10c9e1f4f4b7ec978f3bfd54ce4ee9853d
  md5: 3339e3b65d58accf4ca4fb8748ab16b3
  depends:
  - python >=3.9
  - python
  license: MIT
  license_family: MIT
  size: 18455
  timestamp: 1753199211006
- conda: https://conda.anaconda.org/conda-forge/noarch/smmap-5.0.3-pyhd8ed1ab_0.conda
  sha256: ae723ba6ab7b1998a04ef16b357c1e0043ffd4f4ac9b0da71e393680343a3c86
  md5: 69db183edbe5b7c3e6c157980057a9d0
  depends:
  - python >=3.9
  license: BSD-3-Clause
  license_family: BSD
  size: 27064
  timestamp: 1775587040128
- conda: https://conda.anaconda.org/conda-forge/linux-64/tectonic-0.15.0-ha39f199_5.conda
  sha256: 645b201d901ac627a49cdfb3855890e5635ccc959e48f368b64024eaaf63b981
  md5: 24f0cbec77074a1d5545c3a8ae3f35c9
  depends:
  - fontconfig
  - freetype
  - graphite2
  - harfbuzz
  - icu
  - libpng
  - openssl
  - zlib
  - __glibc >=2.17,<3.0.a0
  - libstdcxx >=14
  - libgcc >=14
  - harfbuzz >=12.3.0
  - libglib >=2.86.3,<3.0a0
  - icu >=78.1,<79.0a0
  - fontconfig >=2.15.0,<3.0a0
  - fonts-conda-ecosystem
  - libfreetype >=2.14.1
  - libfreetype6 >=2.14.1
  - libzlib >=1.3.1,<2.0a0
  - graphite2 >=1.3.14,<2.0a0
  - libexpat >=2.7.3,<3.0a0
  - libpng >=1.6.53,<1.7.0a0
  - openssl >=3.5.4,<4.0a0
  constrains:
  - __glibc >=2.17
  license: MIT
  license_family: MIT
  size: 5229201
  timestamp: 1767686075475
- conda: https://conda.anaconda.org/conda-forge/linux-64/tk-8.6.13-noxft_h366c992_103.conda
  sha256: cafeec44494f842ffeca27e9c8b0c27ed714f93ac77ddadc6aaf726b5554ebac
  md5: cffd3bdd58090148f4cfcd831f4b26ab
  depends:
  - __glibc >=2.17,<3.0.a0
  - libgcc >=14
  - libzlib >=1.3.1,<2.0a0
  constrains:
  - xorg-libx11 >=1.8.12,<2.0a0
  license: TCL
  license_family: BSD
  size: 3301196
  timestamp: 1769460227866
- conda: https://conda.anaconda.org/conda-forge/noarch/typing_extensions-4.15.0-pyhcf101f3_0.conda
  sha256: 032271135bca55aeb156cee361c81350c6f3fb203f57d024d7e5a1fc9ef18731
  md5: 0caa1af407ecff61170c9437a808404d
  depends:
  - python >=3.10
  - python
  license: PSF-2.0
  license_family: PSF
  size: 51692
  timestamp: 1756220668932
- conda: https://conda.anaconda.org/conda-forge/noarch/tzdata-2025c-hc9c84f9_1.conda
  sha256: 1d30098909076af33a35017eed6f2953af1c769e273a0626a04722ac4acaba3c
  md5: ad659d0a2b3e47e38d829aa8cad2d610
  license: LicenseRef-Public-Domain
  size: 119135
  timestamp: 1767016325805
- conda: https://conda.anaconda.org/conda-forge/noarch/urllib3-2.6.3-pyhd8ed1ab_0.conda
  sha256: af641ca7ab0c64525a96fd9ad3081b0f5bcf5d1cbb091afb3f6ed5a9eee6111a
  md5: 9272daa869e03efe68833e3dc7a02130
  depends:
  - backports.zstd >=1.0.0
  - brotli-python >=1.2.0
  - h2 >=4,<5
  - pysocks >=1.5.6,<2.0,!=1.5.7
  - python >=3.10
  license: MIT
  license_family: MIT
  size: 103172
  timestamp: 1767817860341
- conda: https://conda.anaconda.org/conda-forge/noarch/verspec-0.1.0-pyh29332c3_2.conda
  sha256: 723351de1d7cee8bd22f8ea64b169f36f5c625c315c59c0267fab4bad837d503
  md5: 9c71dfe38494dd49c2547a3842b86fa7
  depends:
  - python >=3.9
  - python
  license: BSD-2-Clause
  license_family: BSD
  size: 23765
  timestamp: 1735596628662
- conda: https://conda.anaconda.org/conda-forge/linux-64/watchdog-6.0.0-py313hd5f5364_3.conda
  sha256: 30a88c86692c27afb1bd11c969d49a6b7898dd88e37cb6d57e80c312073b9f56
  md5: 94a85d49ad84cb13a92debc3c6b11819
  depends:
  - python
  - pyyaml >=3.10
  - python_abi 3.13.* *_cp313
  license: Apache-2.0
  license_family: APACHE
  size: 153656
  timestamp: 1772608180849
- conda: https://conda.anaconda.org/conda-forge/linux-64/xorg-libice-1.1.2-hb9d3cd8_0.conda
  sha256: c12396aabb21244c212e488bbdc4abcdef0b7404b15761d9329f5a4a39113c4b
  md5: fb901ff28063514abb6046c9ec2c4a45
  depends:
  - __glibc >=2.17,<3.0.a0
  - libgcc >=13
  license: MIT
  license_family: MIT
  size: 58628
  timestamp: 1734227592886
- conda: https://conda.anaconda.org/conda-forge/linux-64/xorg-libsm-1.2.6-he73a12e_0.conda
  sha256: 277841c43a39f738927145930ff963c5ce4c4dacf66637a3d95d802a64173250
  md5: 1c74ff8c35dcadf952a16f752ca5aa49
  depends:
  - __glibc >=2.17,<3.0.a0
  - libgcc >=13
  - libuuid >=2.38.1,<3.0a0
  - xorg-libice >=1.1.2,<2.0a0
  license: MIT
  license_family: MIT
  size: 27590
  timestamp: 1741896361728
- conda: https://conda.anaconda.org/conda-forge/linux-64/xorg-libx11-1.8.13-he1eb515_0.conda
  sha256: 516d4060139dbb4de49a4dcdc6317a9353fb39ebd47789c14e6fe52de0deee42
  md5: 861fb6ccbc677bb9a9fb2468430b9c6a
  depends:
  - __glibc >=2.17,<3.0.a0
  - libgcc >=14
  - libxcb >=1.17.0,<2.0a0
  license: MIT
  license_family: MIT
  size: 839652
  timestamp: 1770819209719
- conda: https://conda.anaconda.org/conda-forge/linux-64/xorg-libxau-1.0.12-hb03c661_1.conda
  sha256: 6bc6ab7a90a5d8ac94c7e300cc10beb0500eeba4b99822768ca2f2ef356f731b
  md5: b2895afaf55bf96a8c8282a2e47a5de0
  depends:
  - __glibc >=2.17,<3.0.a0
  - libgcc >=14
  license: MIT
  license_family: MIT
  size: 15321
  timestamp: 1762976464266
- conda: https://conda.anaconda.org/conda-forge/linux-64/xorg-libxdmcp-1.1.5-hb03c661_1.conda
  sha256: 25d255fb2eef929d21ff660a0c687d38a6d2ccfbcbf0cc6aa738b12af6e9d142
  md5: 1dafce8548e38671bea82e3f5c6ce22f
  depends:
  - __glibc >=2.17,<3.0.a0
  - libgcc >=14
  license: MIT
  license_family: MIT
  size: 20591
  timestamp: 1762976546182
- conda: https://conda.anaconda.org/conda-forge/linux-64/xorg-libxext-1.3.7-hb03c661_0.conda
  sha256: 79c60fc6acfd3d713d6340d3b4e296836a0f8c51602327b32794625826bd052f
  md5: 34e54f03dfea3e7a2dcf1453a85f1085
  depends:
  - __glibc >=2.17,<3.0.a0
  - libgcc >=14
  - xorg-libx11 >=1.8.12,<2.0a0
  license: MIT
  license_family: MIT
  size: 50326
  timestamp: 1769445253162
- conda: https://conda.anaconda.org/conda-forge/linux-64/xorg-libxrender-0.9.12-hb9d3cd8_0.conda
  sha256: 044c7b3153c224c6cedd4484dd91b389d2d7fd9c776ad0f4a34f099b3389f4a1
  md5: 96d57aba173e878a2089d5638016dc5e
  depends:
  - __glibc >=2.17,<3.0.a0
  - libgcc >=13
  - xorg-libx11 >=1.8.10,<2.0a0
  license: MIT
  license_family: MIT
  size: 33005
  timestamp: 1734229037766
- conda: https://conda.anaconda.org/conda-forge/linux-64/yaml-0.2.5-h280c20c_3.conda
  sha256: 6d9ea2f731e284e9316d95fa61869fe7bbba33df7929f82693c121022810f4ad
  md5: a77f85f77be52ff59391544bfe73390a
  depends:
  - libgcc >=14
  - __glibc >=2.17,<3.0.a0
  license: MIT
  license_family: MIT
  size: 85189
  timestamp: 1753484064210
- conda: https://conda.anaconda.org/conda-forge/noarch/zipp-3.23.0-pyhcf101f3_1.conda
  sha256: b4533f7d9efc976511a73ef7d4a2473406d7f4c750884be8e8620b0ce70f4dae
  md5: 30cd29cb87d819caead4d55184c1d115
  depends:
  - python >=3.10
  - python
  license: MIT
  license_family: MIT
  size: 24194
  timestamp: 1764460141901
- conda: https://conda.anaconda.org/conda-forge/linux-64/zlib-1.3.2-h25fd6f3_2.conda
  sha256: 245c9ee8d688e23661b95e3c6dd7272ca936fabc03d423cdb3cdee1bbcf9f2f2
  md5: c2a01a08fc991620a74b32420e97868a
  depends:
  - __glibc >=2.17,<3.0.a0
  - libzlib 1.3.2 h25fd6f3_2
  license: Zlib
  license_family: Other
  size: 95931
  timestamp: 1774072620848
- conda: https://conda.anaconda.org/conda-forge/linux-64/zstd-1.5.7-hb78ec9c_6.conda
  sha256: 68f0206ca6e98fea941e5717cec780ed2873ffabc0e1ed34428c061e2c6268c7
  md5: 4a13eeac0b5c8e5b8ab496e6c4ddd829
  depends:
  - __glibc >=2.17,<3.0.a0
  - libzlib >=1.3.1,<2.0a0
  license: BSD-3-Clause
  license_family: BSD
  size: 601375
  timestamp: 1764777111296
